<Solution>
  <Configurations>
    <Platform Name="x64" />
  </Configurations>
  <Folder Name="/App/">
    <Project Path="core/Mss.vcxproj" Id="b2000000-0000-0000-0000-000000000001" />
    <Project Path="Arena/Arena.vcxproj" Id="b2000000-0000-0000-0000-000000000002" />
    <Project Path="render/Render.vcxproj" Id="b2000000-0000-0000-0000-000000000003" />
    <Project Path="python/Pymss.vcxproj" Id="b2000000-0000-0000-0000-000000000004" />
  </Folder>
  <Folder Name="/MCP/">
    <Project Path="libmassedit/MassEdit.vcxproj" Id="a1000000-0000-0000-0000-000000000001" />
    <Project Path="libmassedit/server/MassMcp.vcxproj" Id="a1000000-0000-0000-0000-000000000002" />
  </Folder>
  <Folder Name="/MCP/tests/">
    <Project Path="libmassedit/test/TestIndex.vcxproj" Id="a1000000-0000-0000-0000-000000000003" />
    <Project Path="libmassedit/test/TestKinematics.vcxproj" Id="a1000000-0000-0000-0000-000000000004" />
    <Project Path="libmassedit/test/TestBatch.vcxproj" Id="a1000000-0000-0000-0000-000000000005" />
    <Project Path="libmassedit/test/TestModel.vcxproj" Id="a1000000-0000-0000-0000-000000000006" />
    <Project Path="libmassedit/test/TestQuery.vcxproj" Id="a1000000-0000-0000-0000-000000000007" />
    <Project Path="libmassedit/test/TestComplete.vcxproj" Id="a1000000-0000-0000-0000-000000000008" />
    <Project Path="libmassedit/test/TestAtlas.vcxproj" Id="a1000000-0000-0000-0000-000000000009" />
    <Project Path="libmassedit/test/TestGroom.vcxproj" Id="a1000000-0000-0000-0000-00000000000a" />
    <Project Path="libmassedit/test/TestMcp.vcxproj" Id="a1000000-0000-0000-0000-00000000000b" />
  </Folder>
</Solution>
